
Microsoft Visual Studio Solution File, Format Version 12.00
# Visual Studio Version 16
VisualStudioVersion = 16.0.30621.155
MinimumVisualStudioVersion = 10.0.40219.1
Project("{FAE04EC0-301F-11D3-BF4B-00C04F79EFBC}") = "DataGenerator", "DataGenerator\DataGenerator.csproj", "{85B641BA-6221-4772-A7A9-BAC37B618C48}"
EndProject
Project("{FAE04EC0-301F-11D3-BF4B-00C04F79EFBC}") = "TestConsole", "TestConsole\TestConsole.csproj", "{D1F9FFDF-5B78-4F67-B27F-A524525C7BD2}"
EndProject
Global
	GlobalSection(SolutionConfigurationPlatforms) = preSolution
		Debug|Any CPU = Debug|Any CPU
		Release|Any CPU = Release|Any CPU
	EndGlobalSection
	GlobalSection(ProjectConfigurationPlatforms) = postSolution
		{85B641BA-6221-4772-A7A9-BAC37B618C48}.Debug|Any CPU.ActiveCfg = Debug|Any CPU
		{85B641BA-6221-4772-A7A9-BAC37B618C48}.Debug|Any CPU.Build.0 = Debug|Any CPU
		{85B641BA-6221-4772-A7A9-BAC37B618C48}.Release|Any CPU.ActiveCfg = Release|Any CPU
		{85B641BA-6221-4772-A7A9-BAC37B618C48}.Release|Any CPU.Build.0 = Release|Any CPU
		{D1F9FFDF-5B78-4F67-B27F-A524525C7BD2}.Debug|Any CPU.ActiveCfg = Debug|Any CPU
		{D1F9FFDF-5B78-4F67-B27F-A524525C7BD2}.Debug|Any CPU.Build.0 = Debug|Any CPU
		{D1F9FFDF-5B78-4F67-B27F-A524525C7BD2}.Release|Any CPU.ActiveCfg = Release|Any CPU
		{D1F9FFDF-5B78-4F67-B27F-A524525C7BD2}.Release|Any CPU.Build.0 = Release|Any CPU
	EndGlobalSection
	GlobalSection(SolutionProperties) = preSolution
		HideSolutionNode = FALSE
	EndGlobalSection
	GlobalSection(ExtensibilityGlobals) = postSolution
		SolutionGuid = {9777EEC5-9B88-49CD-B779-2AA479CF6CDC}
	EndGlobalSection
EndGlobal
